
Microsoft Visual Studio Solution File, Format Version 12.00
# Visual Studio 15
VisualStudioVersion = 15.0.26228.4
MinimumVisualStudioVersion = 10.0.40219.1
Project("{9A19103F-16F7-4668-BE54-9A1E7A4F7556}") = "AwesomeServerSample", "AwesomeServerSample.csproj", "{6AD3CAEF-0EA9-4B46-96EC-E044712ACBBE}"
EndProject
Global
	GlobalSection(SolutionConfigurationPlatforms) = preSolution
		Debug|Any CPU = Debug|Any CPU
		Release|Any CPU = Release|Any CPU
	EndGlobalSection
	GlobalSection(ProjectConfigurationPlatforms) = postSolution
		{6AD3CAEF-0EA9-4B46-96EC-E044712ACBBE}.Debug|Any CPU.ActiveCfg = Debug|Any CPU
		{6AD3CAEF-0EA9-4B46-96EC-E044712ACBBE}.Debug|Any CPU.Build.0 = Debug|Any CPU
		{6AD3CAEF-0EA9-4B46-96EC-E044712ACBBE}.Release|Any CPU.ActiveCfg = Release|Any CPU
		{6AD3CAEF-0EA9-4B46-96EC-E044712ACBBE}.Release|Any CPU.Build.0 = Release|Any CPU
	EndGlobalSection
	GlobalSection(SolutionProperties) = preSolution
		HideSolutionNode = FALSE
	EndGlobalSection
EndGlobal
